github.com/golang/protobuf v1.5.0 h1:LUVKkCeviFUMKqHa4tXIIij/lbhnMbP7Fn5wKdKkRh4=
github.com/golang/protobuf v1.5.0/go.mod h1:FsONVRAS9T7sI+LIUmWTfcYkHO4aIWwzhcaSAoJOfIk=
github.com/google/go-cmp v0.5.5/go.mod h1:v8dTdLbMG2kIc/vJvl+f65V22dbkXbowE6jgT/gNBxE=
github.com/http-wasm/http-wasm-host-go v0.0.0-20221011003337-81d8f3916f05 h1:0rNZVStqhqRuhJ5zXRIwbdFJA++V7VWRn/HAT8yOrR0=
github.com/http-wasm/http-wasm-host-go v0.0.0-20221011003337-81d8f3916f05/go.mod h1:ZtxjVzVCo7NY3lKL+6r6/fCWwBc5lkfCEikYVGwBKlo=
github.com/rcrowley/go-metrics v0.0.0-20200313005456-10cdbea86bc0 h1:MkV+77GLUNo5oJ0jf870itWm3D0Sjh7+Za9gazKc5LQ=
github.com/rcrowley/go-metrics v0.0.0-20200313005456-10cdbea86bc0/go.mod h1:bCqnVzQkZxMG4s8nGwiZ5l3QUCyqpo9Y+/ZMZ9VjZe4=
github.com/tetratelabs/wazero v1.0.0-pre.2.0.20221003082636-0b4dbfd8d6ca h1:KXz2bwfTTqR6TYvz2vjoEO3tFbkok+6wTlmY6FFZm5E=
github.com/tetratelabs/wazero v1.0.0-pre.2.0.20221003082636-0b4dbfd8d6ca/go.mod h1:M8UDNECGm/HVjOfq0EOe4QfCY9Les1eq54IChMLETbc=
golang.org/x/xerrors v0.0.0-20191204190536-9bdfabe68543/go.mod h1:I/5z698sn9Ka8TeJc9MKroUUfqBBauWjQqLJ2OPfmY0=
google.golang.org/protobuf v1.26.0-rc.1 h1:7QnIQpGRHE5RnLKnESfDoxm2dTapTZua5a0kS0A+VXQ=
google.golang.org/protobuf v1.26.0-rc.1/go.mod h1:jlhhOSvTdKEhbULTjvd4ARK9grFBp09yW+WbY/TyQbw=
mosn.io/api v1.1.0 h1:9N07gYdtsOLhdBkU4yp9/O1C7AWoBlpFGY9KfgkWfCY=
mosn.io/api v1.1.0/go.mod h1:UoBKBSsG+ZrRZvCpKcj/x2M9IMFmCg3Wz03D15O5OzM=
